
Microsoft Visual Studio Solution File, Format Version 12.00
# Visual Studio Version 17
VisualStudioVersion = 17.0.31903.59
MinimumVisualStudioVersion = 10.0.40219.1
Project("{2150E333-8FDC-42A3-9474-1A3956D46DE8}") = "src", "src", "{DFD12B2F-94D0-4891-B672-8936ADDD6641}"
EndProject
Project("{FAE04EC0-301F-11D3-BF4B-00C04F79EFBC}") = "AspNetCoreOpeniddictPlus.Web", "AspNetCoreOpeniddictPlus.Web\AspNetCoreOpeniddictPlus.Web.csproj", "{6C7D55D3-70EE-498E-BC7E-4DB880FF60CE}"
EndProject
Project("{2150E333-8FDC-42A3-9474-1A3956D46DE8}") = "Solution Items", "Solution Items", "{2523CEC8-F226-435D-B0E1-65E1DAFDDC5E}"
	ProjectSection(SolutionItems) = preProject
		compose.yaml = compose.yaml
	EndProjectSection
EndProject
Project("{FAE04EC0-301F-11D3-BF4B-00C04F79EFBC}") = "AspNetCoreOpeniddictPlus.Core", "AspNetCoreOpeniddictPlus.Core\AspNetCoreOpeniddictPlus.Core.csproj", "{B996251A-C84E-4372-AC4C-F0F1AA73369D}"
EndProject
Project("{FAE04EC0-301F-11D3-BF4B-00C04F79EFBC}") = "AspNetCoreOpeniddictPlus.Identity", "AspNetCoreOpeniddictPlus.Identity\AspNetCoreOpeniddictPlus.Identity.csproj", "{60011D6B-1B81-4431-9549-D54CF78E6F0C}"
EndProject
Project("{FAE04EC0-301F-11D3-BF4B-00C04F79EFBC}") = "AspNetCoreOpeniddictPlus.Migrator", "AspNetCoreOpeniddictPlus.Migrator\AspNetCoreOpeniddictPlus.Migrator.csproj", "{63E21CDB-1707-4225-A222-1F1E7FDB150A}"
EndProject
Global
	GlobalSection(SolutionConfigurationPlatforms) = preSolution
		Debug|Any CPU = Debug|Any CPU
		Release|Any CPU = Release|Any CPU
	EndGlobalSection
	GlobalSection(SolutionProperties) = preSolution
		HideSolutionNode = FALSE
	EndGlobalSection
	GlobalSection(NestedProjects) = preSolution
		{6C7D55D3-70EE-498E-BC7E-4DB880FF60CE} = {DFD12B2F-94D0-4891-B672-8936ADDD6641}
		{B996251A-C84E-4372-AC4C-F0F1AA73369D} = {DFD12B2F-94D0-4891-B672-8936ADDD6641}
		{60011D6B-1B81-4431-9549-D54CF78E6F0C} = {DFD12B2F-94D0-4891-B672-8936ADDD6641}
		{63E21CDB-1707-4225-A222-1F1E7FDB150A} = {DFD12B2F-94D0-4891-B672-8936ADDD6641}
	EndGlobalSection
	GlobalSection(ProjectConfigurationPlatforms) = postSolution
		{6C7D55D3-70EE-498E-BC7E-4DB880FF60CE}.Debug|Any CPU.ActiveCfg = Debug|Any CPU
		{6C7D55D3-70EE-498E-BC7E-4DB880FF60CE}.Debug|Any CPU.Build.0 = Debug|Any CPU
		{6C7D55D3-70EE-498E-BC7E-4DB880FF60CE}.Release|Any CPU.ActiveCfg = Release|Any CPU
		{6C7D55D3-70EE-498E-BC7E-4DB880FF60CE}.Release|Any CPU.Build.0 = Release|Any CPU
		{B996251A-C84E-4372-AC4C-F0F1AA73369D}.Debug|Any CPU.ActiveCfg = Debug|Any CPU
		{B996251A-C84E-4372-AC4C-F0F1AA73369D}.Debug|Any CPU.Build.0 = Debug|Any CPU
		{B996251A-C84E-4372-AC4C-F0F1AA73369D}.Release|Any CPU.ActiveCfg = Release|Any CPU
		{B996251A-C84E-4372-AC4C-F0F1AA73369D}.Release|Any CPU.Build.0 = Release|Any CPU
		{60011D6B-1B81-4431-9549-D54CF78E6F0C}.Debug|Any CPU.ActiveCfg = Debug|Any CPU
		{60011D6B-1B81-4431-9549-D54CF78E6F0C}.Debug|Any CPU.Build.0 = Debug|Any CPU
		{60011D6B-1B81-4431-9549-D54CF78E6F0C}.Release|Any CPU.ActiveCfg = Release|Any CPU
		{60011D6B-1B81-4431-9549-D54CF78E6F0C}.Release|Any CPU.Build.0 = Release|Any CPU
		{63E21CDB-1707-4225-A222-1F1E7FDB150A}.Debug|Any CPU.ActiveCfg = Debug|Any CPU
		{63E21CDB-1707-4225-A222-1F1E7FDB150A}.Debug|Any CPU.Build.0 = Debug|Any CPU
		{63E21CDB-1707-4225-A222-1F1E7FDB150A}.Release|Any CPU.ActiveCfg = Release|Any CPU
		{63E21CDB-1707-4225-A222-1F1E7FDB150A}.Release|Any CPU.Build.0 = Release|Any CPU
	EndGlobalSection
	GlobalSection(RiderSharedRunConfigurations) = postSolution
		File = AspNetCoreOpeniddictPlus.Web\.run\AspNetCoreOpeniddictPlus.Web_ https.run.xml
	EndGlobalSection
EndGlobal
